PODS:
  - Braintree (4.30.0):
    - Braintree/Card (= 4.30.0)
    - Braintree/Core (= 4.30.0)
    - Braintree/PayPal (= 4.30.0)
    - Braintree/UI (= 4.30.0)
  - Braintree/Apple-Pay (4.30.0):
    - Braintree/Core
  - Braintree/Card (4.30.0):
    - Braintree/Core
  - Braintree/Core (4.30.0)
  - Braintree/PaymentFlow (4.30.0):
    - Braintree/Card
    - Braintree/Core
    - Braintree/PayPalOneTouch
  - Braintree/PayPal (4.30.0):
    - Braintree/Core
    - Braintree/PayPalOneTouch
  - Braintree/PayPalDataCollector (4.30.0):
    - Braintree/Core
    - Braintree/PayPalUtils
  - Braintree/PayPalOneTouch (4.30.0):
    - Braintree/Core
    - Braintree/PayPalDataCollector
    - Braintree/PayPalUtils
  - Braintree/PayPalUtils (4.30.0)
  - Braintree/UI (4.30.0):
    - Braintree/Card
    - Braintree/Core
  - BraintreePayPalValidator (0.0.1):
    - Braintree
    - Braintree/Apple-Pay
    - Braintree/Card
    - Braintree/Core
    - Braintree/PaymentFlow
    - Braintree/PayPal

DEPENDENCIES:
  - Braintree (from `https://github.com/braintree/braintree_ios.git`, branch `pp-uat-support`)
  - Braintree/Apple-Pay (from `https://github.com/braintree/braintree_ios.git`, branch `pp-uat-support`)
  - Braintree/Card (from `https://github.com/braintree/braintree_ios.git`, branch `pp-uat-support`)
  - Braintree/Core (from `https://github.com/braintree/braintree_ios.git`, branch `pp-uat-support`)
  - Braintree/PaymentFlow (from `https://github.com/braintree/braintree_ios.git`, branch `pp-uat-support`)
  - Braintree/PayPal (from `https://github.com/braintree/braintree_ios.git`, branch `pp-uat-support`)
  - BraintreePayPalValidator (from `./`)

EXTERNAL SOURCES:
  Braintree:
    :branch: pp-uat-support
    :git: https://github.com/braintree/braintree_ios.git
  BraintreePayPalValidator:
    :path: "./"

CHECKOUT OPTIONS:
  Braintree:
    :commit: 86248097cf8992d15ef4ff4b316b2af1e0badc23
    :git: https://github.com/braintree/braintree_ios.git

SPEC CHECKSUMS:
  Braintree: 6c7b531ed255701cc69666a2f02d1324a2d95c41
  BraintreePayPalValidator: 802fe88c9f9039869e830b9be6737c0e9ddee73f

PODFILE CHECKSUM: 5ec93eb3403ee4fa29d2094531d8c4223a7a2c85

COCOAPODS: 1.8.1
