// !$*UTF8*$!
{
	archiveVersion = 1;
	classes = {
	};
	objectVersion = 51;
	objects = {

/* Begin PBXBuildFile section */
		12BEADF0564F9BD925CB484E /* Pods_Demo.framework in Frameworks */ = {isa = PBXBuildFile; fileRef = AF13019BF32BEBA2456FF329 /* Pods_Demo.framework */; };
		42138C7223678B4B00376E80 /* Settings.bundle in Resources */ = {isa = PBXBuildFile; fileRef = 42138C7123678B4B00376E80 /* Settings.bundle */; };
		425B8315236CBDEC006F694D /* BTJSONHelper.swift in Sources */ = {isa = PBXBuildFile; fileRef = 425B8314236CBDEC006F694D /* BTJSONHelper.swift */; };
		425B831B236CBE8C006F694D /* paypal-validate-request.json in Resources */ = {isa = PBXBuildFile; fileRef = 425B831A236CBE8C006F694D /* paypal-validate-request.json */; };
		425B831F236CCC99006F694D /* paypal-validate-response-without-contingency.json in Resources */ = {isa = PBXBuildFile; fileRef = 425B831E236CCC99006F694D /* paypal-validate-response-without-contingency.json */; };
		425B8321236CDDBF006F694D /* paypal-validate-response-with-contingency.json in Resources */ = {isa = PBXBuildFile; fileRef = 425B8320236CDDBF006F694D /* paypal-validate-response-with-contingency.json */; };
		425B8323236CE98D006F694D /* BTPayPalCardContingencyRequest_Tests.swift in Sources */ = {isa = PBXBuildFile; fileRef = 425B8322236CE98D006F694D /* BTPayPalCardContingencyRequest_Tests.swift */; };
		425B8325236CEBF7006F694D /* MockPaymentFlowDriverDelegate.swift in Sources */ = {isa = PBXBuildFile; fileRef = 425B8324236CEBF7006F694D /* MockPaymentFlowDriverDelegate.swift */; };
		4276306D2360E91B00A8734E /* MockCardClient.swift in Sources */ = {isa = PBXBuildFile; fileRef = 4276306C2360E91B00A8734E /* MockCardClient.swift */; };
		4276306F2360F05A00A8734E /* MockPaymentFlowDriver.swift in Sources */ = {isa = PBXBuildFile; fileRef = 4276306E2360F05A00A8734E /* MockPaymentFlowDriver.swift */; };
		4294F15D237B5C4C00A789E5 /* CardCheckout_UITests.swift in Sources */ = {isa = PBXBuildFile; fileRef = 4294F15C237B5C4C00A789E5 /* CardCheckout_UITests.swift */; };
		4294F15F237B629C00A789E5 /* TestHelpers.swift in Sources */ = {isa = PBXBuildFile; fileRef = 4294F15E237B629C00A789E5 /* TestHelpers.swift */; };
		42FCAAB0235E32FA00B9BC3E /* AppDelegate.swift in Sources */ = {isa = PBXBuildFile; fileRef = 42FCAAAF235E32FA00B9BC3E /* AppDelegate.swift */; };
		42FF386C235E42D000F0CF10 /* BTPayPalValidatorClient_Internal.h in Headers */ = {isa = PBXBuildFile; fileRef = 42FF386B235E42D000F0CF10 /* BTPayPalValidatorClient_Internal.h */; };
		80015A2D23566AD6002825E1 /* BTPayPalValidatorResult.h in Headers */ = {isa = PBXBuildFile; fileRef = 80015A2B23566AD6002825E1 /* BTPayPalValidatorResult.h */; };
		80015A2E23566AD6002825E1 /* BTPayPalValidatorResult.m in Sources */ = {isa = PBXBuildFile; fileRef = 80015A2C23566AD6002825E1 /* BTPayPalValidatorResult.m */; };
		802C28F12370CC4100A918C7 /* paypal-validate-response-card-expired.json in Resources */ = {isa = PBXBuildFile; fileRef = 802C28F02370CC4100A918C7 /* paypal-validate-response-card-expired.json */; };
		802C28F32370D1FE00A918C7 /* paypal-validate-response-invalid-token.json in Resources */ = {isa = PBXBuildFile; fileRef = 802C28F22370D1FE00A918C7 /* paypal-validate-response-invalid-token.json */; };
		8066A056235F506F007ACC28 /* BTPayPalValidatorClient_Tests.swift in Sources */ = {isa = PBXBuildFile; fileRef = 8026243F2357B3DE005EA84A /* BTPayPalValidatorClient_Tests.swift */; };
		8066A057235F506F007ACC28 /* BTPayPalCardContingencyResult_Tests.swift in Sources */ = {isa = PBXBuildFile; fileRef = 8026243D2357A613005EA84A /* BTPayPalCardContingencyResult_Tests.swift */; };
		8066A058235F506F007ACC28 /* BTPayPalAPIClient_Tests.swift in Sources */ = {isa = PBXBuildFile; fileRef = 802624392357A469005EA84A /* BTPayPalAPIClient_Tests.swift */; };
		8066A059235F506F007ACC28 /* BTPayPalValidateResult_Tests.swift in Sources */ = {isa = PBXBuildFile; fileRef = 8026243B2357A4E2005EA84A /* BTPayPalValidateResult_Tests.swift */; };
		8066A05B235F51EF007ACC28 /* MockApplePayClient.swift in Sources */ = {isa = PBXBuildFile; fileRef = 42D352F4235E49BF006A9DD1 /* MockApplePayClient.swift */; };
		8066A05C235F51F2007ACC28 /* MockViewControllerPresentingDelegate.swift in Sources */ = {isa = PBXBuildFile; fileRef = 42986C05235E4B9F00D31176 /* MockViewControllerPresentingDelegate.swift */; };
		8066A05E235F5E9C007ACC28 /* MockPayPalAPIClient.swift in Sources */ = {isa = PBXBuildFile; fileRef = 8066A05D235F5E9C007ACC28 /* MockPayPalAPIClient.swift */; };
		8077518D236A3D08001B61BE /* MockURLSession.swift in Sources */ = {isa = PBXBuildFile; fileRef = 8077518C236A3D08001B61BE /* MockURLSession.swift */; };
		80ADA74B234644AE00579E7A /* DemoMerchantAPI.swift in Sources */ = {isa = PBXBuildFile; fileRef = 80ADA74A234644AE00579E7A /* DemoMerchantAPI.swift */; };
		80ADA74F23464A8900579E7A /* Main.storyboard in Resources */ = {isa = PBXBuildFile; fileRef = 80ADA74E23464A8900579E7A /* Main.storyboard */; };
		80B36CB723453FF100AD35E8 /* DemoViewController.swift in Sources */ = {isa = PBXBuildFile; fileRef = 80B36CB623453FF100AD35E8 /* DemoViewController.swift */; };
		80B36CC82345473800AD35E8 /* BTPayPalCheckoutRequest.h in Headers */ = {isa = PBXBuildFile; fileRef = 80B36CC62345473800AD35E8 /* BTPayPalCheckoutRequest.h */; };
		80B36CC92345473800AD35E8 /* BTPayPalCheckoutRequest.m in Sources */ = {isa = PBXBuildFile; fileRef = 80B36CC72345473800AD35E8 /* BTPayPalCheckoutRequest.m */; };
		80B36CD023454C9E00AD35E8 /* BTPayPalCheckoutResult.h in Headers */ = {isa = PBXBuildFile; fileRef = 80B36CCE23454C9E00AD35E8 /* BTPayPalCheckoutResult.h */; };
		80B36CD123454C9E00AD35E8 /* BTPayPalCheckoutResult.m in Sources */ = {isa = PBXBuildFile; fileRef = 80B36CCF23454C9E00AD35E8 /* BTPayPalCheckoutResult.m */; };
		80B36CD423454D2D00AD35E8 /* BTPayPalCardContingencyResult.h in Headers */ = {isa = PBXBuildFile; fileRef = 80B36CD223454D2D00AD35E8 /* BTPayPalCardContingencyResult.h */; };
		80B36CD523454D2D00AD35E8 /* BTPayPalCardContingencyResult.m in Sources */ = {isa = PBXBuildFile; fileRef = 80B36CD323454D2D00AD35E8 /* BTPayPalCardContingencyResult.m */; };
		80B36CD923454D9000AD35E8 /* BTPayPalValidateResult.m in Sources */ = {isa = PBXBuildFile; fileRef = 80B36CD723454D9000AD35E8 /* BTPayPalValidateResult.m */; };
		80B36CDC23454E3700AD35E8 /* BTPayPalCardContingencyRequest.h in Headers */ = {isa = PBXBuildFile; fileRef = 80B36CDA23454E3700AD35E8 /* BTPayPalCardContingencyRequest.h */; };
		80B36CDD23454E3700AD35E8 /* BTPayPalCardContingencyRequest.m in Sources */ = {isa = PBXBuildFile; fileRef = 80B36CDB23454E3700AD35E8 /* BTPayPalCardContingencyRequest.m */; };
		80B36CE023454E8700AD35E8 /* BTPayPalAPIClient.h in Headers */ = {isa = PBXBuildFile; fileRef = 80B36CDE23454E8700AD35E8 /* BTPayPalAPIClient.h */; };
		80B36CE123454E8700AD35E8 /* BTPayPalAPIClient.m in Sources */ = {isa = PBXBuildFile; fileRef = 80B36CDF23454E8700AD35E8 /* BTPayPalAPIClient.m */; };
		80B36CE423454EC000AD35E8 /* BTPayPalValidatorClient.h in Headers */ = {isa = PBXBuildFile; fileRef = 80B36CE223454EC000AD35E8 /* BTPayPalValidatorClient.h */; settings = {ATTRIBUTES = (Public, ); }; };
		80B36CE523454EC000AD35E8 /* BTPayPalValidatorClient.m in Sources */ = {isa = PBXBuildFile; fileRef = 80B36CE323454EC000AD35E8 /* BTPayPalValidatorClient.m */; };
		80BAD283234531B50050F86C /* Assets.xcassets in Resources */ = {isa = PBXBuildFile; fileRef = 80BAD282234531B50050F86C /* Assets.xcassets */; };
		80BAD286234531B50050F86C /* LaunchScreen.storyboard in Resources */ = {isa = PBXBuildFile; fileRef = 80BAD284234531B50050F86C /* LaunchScreen.storyboard */; };
		80BAD298234532A30050F86C /* BraintreePayPalValidator.h in Headers */ = {isa = PBXBuildFile; fileRef = 80BAD296234532A30050F86C /* BraintreePayPalValidator.h */; settings = {ATTRIBUTES = (Public, ); }; };
		B9D1B37D8886F13A07F10A80 /* Pods_Tests_UnitTests.framework in Frameworks */ = {isa = PBXBuildFile; fileRef = 9A19364E404CB9CC3B8456AD /* Pods_Tests_UnitTests.framework */; };
/* End PBXBuildFile section */

/* Begin PBXContainerItemProxy section */
		4294F157237B5BB600A789E5 /* PBXContainerItemProxy */ = {
			isa = PBXContainerItemProxy;
			containerPortal = 80BAD26B234531B30050F86C /* Project object */;
			proxyType = 1;
			remoteGlobalIDString = 80BAD272234531B30050F86C;
			remoteInfo = Demo;
		};
		8066A051235F5026007ACC28 /* PBXContainerItemProxy */ = {
			isa = PBXContainerItemProxy;
			containerPortal = 80BAD26B234531B30050F86C /* Project object */;
			proxyType = 1;
			remoteGlobalIDString = 80BAD272234531B30050F86C;
			remoteInfo = Demo;
		};
/* End PBXContainerItemProxy section */

/* Begin PBXFileReference section */
		0A9D7D23552BD887D4EB3462 /* Pods-SDK_Dependencies-UnitTests.debug.xcconfig */ = {isa = PBXFileReference; includeInIndex = 1; lastKnownFileType = text.xcconfig; name = "Pods-SDK_Dependencies-UnitTests.debug.xcconfig"; path = "Target Support Files/Pods-SDK_Dependencies-UnitTests/Pods-SDK_Dependencies-UnitTests.debug.xcconfig"; sourceTree = "<group>"; };
		2094252C46E01FDFCCAB6FB2 /* Pods-SDK_Dependencies-Demo.release.xcconfig */ = {isa = PBXFileReference; includeInIndex = 1; lastKnownFileType = text.xcconfig; name = "Pods-SDK_Dependencies-Demo.release.xcconfig"; path = "Target Support Files/Pods-SDK_Dependencies-Demo/Pods-SDK_Dependencies-Demo.release.xcconfig"; sourceTree = "<group>"; };
		23D030C91942D9387C652866 /* Pods-Tests-UnitTests.debug.xcconfig */ = {isa = PBXFileReference; includeInIndex = 1; lastKnownFileType = text.xcconfig; name = "Pods-Tests-UnitTests.debug.xcconfig"; path = "Target Support Files/Pods-Tests-UnitTests/Pods-Tests-UnitTests.debug.xcconfig"; sourceTree = "<group>"; };
		42138C7123678B4B00376E80 /* Settings.bundle */ = {isa = PBXFileReference; lastKnownFileType = "wrapper.plug-in"; path = Settings.bundle; sourceTree = "<group>"; };
		425B8314236CBDEC006F694D /* BTJSONHelper.swift */ = {isa = PBXFileReference; lastKnownFileType = sourcecode.swift; path = BTJSONHelper.swift; sourceTree = "<group>"; };
		425B831A236CBE8C006F694D /* paypal-validate-request.json */ = {isa = PBXFileReference; fileEncoding = 4; lastKnownFileType = text.json; path = "paypal-validate-request.json"; sourceTree = "<group>"; };
		425B831E236CCC99006F694D /* paypal-validate-response-without-contingency.json */ = {isa = PBXFileReference; lastKnownFileType = text.json; path = "paypal-validate-response-without-contingency.json"; sourceTree = "<group>"; };
		425B8320236CDDBF006F694D /* paypal-validate-response-with-contingency.json */ = {isa = PBXFileReference; lastKnownFileType = text.json; path = "paypal-validate-response-with-contingency.json"; sourceTree = "<group>"; };
		425B8322236CE98D006F694D /* BTPayPalCardContingencyRequest_Tests.swift */ = {isa = PBXFileReference; lastKnownFileType = sourcecode.swift; path = BTPayPalCardContingencyRequest_Tests.swift; sourceTree = "<group>"; };
		425B8324236CEBF7006F694D /* MockPaymentFlowDriverDelegate.swift */ = {isa = PBXFileReference; lastKnownFileType = sourcecode.swift; path = MockPaymentFlowDriverDelegate.swift; sourceTree = "<group>"; };
		4276306B2360DF4F00A8734E /* Demo.entitlements */ = {isa = PBXFileReference; fileEncoding = 4; lastKnownFileType = text.plist.entitlements; path = Demo.entitlements; sourceTree = "<group>"; };
		4276306C2360E91B00A8734E /* MockCardClient.swift */ = {isa = PBXFileReference; lastKnownFileType = sourcecode.swift; path = MockCardClient.swift; sourceTree = "<group>"; };
		4276306E2360F05A00A8734E /* MockPaymentFlowDriver.swift */ = {isa = PBXFileReference; lastKnownFileType = sourcecode.swift; path = MockPaymentFlowDriver.swift; sourceTree = "<group>"; };
		4294F152237B5BB600A789E5 /* UITests.xctest */ = {isa = PBXFileReference; explicitFileType = wrapper.cfbundle; includeInIndex = 0; path = UITests.xctest; sourceTree = BUILT_PRODUCTS_DIR; };
		4294F156237B5BB600A789E5 /* Info.plist */ = {isa = PBXFileReference; lastKnownFileType = text.plist.xml; path = Info.plist; sourceTree = "<group>"; };
		4294F15C237B5C4C00A789E5 /* CardCheckout_UITests.swift */ = {isa = PBXFileReference; lastKnownFileType = sourcecode.swift; path = CardCheckout_UITests.swift; sourceTree = "<group>"; };
		4294F15E237B629C00A789E5 /* TestHelpers.swift */ = {isa = PBXFileReference; lastKnownFileType = sourcecode.swift; path = TestHelpers.swift; sourceTree = "<group>"; };
		42986C05235E4B9F00D31176 /* MockViewControllerPresentingDelegate.swift */ = {isa = PBXFileReference; lastKnownFileType = sourcecode.swift; path = MockViewControllerPresentingDelegate.swift; sourceTree = "<group>"; };
		42D352F4235E49BF006A9DD1 /* MockApplePayClient.swift */ = {isa = PBXFileReference; lastKnownFileType = sourcecode.swift; path = MockApplePayClient.swift; sourceTree = "<group>"; };
		42FCAAAF235E32FA00B9BC3E /* AppDelegate.swift */ = {isa = PBXFileReference; lastKnownFileType = sourcecode.swift; path = AppDelegate.swift; sourceTree = "<group>"; };
		42FF386B235E42D000F0CF10 /* BTPayPalValidatorClient_Internal.h */ = {isa = PBXFileReference; lastKnownFileType = sourcecode.c.h; path = BTPayPalValidatorClient_Internal.h; sourceTree = "<group>"; };
		7C967B76CFBAE0107281E01B /* Pods-Tests-UnitTests.release.xcconfig */ = {isa = PBXFileReference; includeInIndex = 1; lastKnownFileType = text.xcconfig; name = "Pods-Tests-UnitTests.release.xcconfig"; path = "Target Support Files/Pods-Tests-UnitTests/Pods-Tests-UnitTests.release.xcconfig"; sourceTree = "<group>"; };
		80015A2B23566AD6002825E1 /* BTPayPalValidatorResult.h */ = {isa = PBXFileReference; lastKnownFileType = sourcecode.c.h; path = BTPayPalValidatorResult.h; sourceTree = "<group>"; };
		80015A2C23566AD6002825E1 /* BTPayPalValidatorResult.m */ = {isa = PBXFileReference; lastKnownFileType = sourcecode.c.objc; path = BTPayPalValidatorResult.m; sourceTree = "<group>"; };
		8026243823578F75005EA84A /* BTPayPalValidateResult.h */ = {isa = PBXFileReference; lastKnownFileType = sourcecode.c.h; path = BTPayPalValidateResult.h; sourceTree = "<group>"; };
		802624392357A469005EA84A /* BTPayPalAPIClient_Tests.swift */ = {isa = PBXFileReference; lastKnownFileType = sourcecode.swift; path = BTPayPalAPIClient_Tests.swift; sourceTree = "<group>"; };
		8026243B2357A4E2005EA84A /* BTPayPalValidateResult_Tests.swift */ = {isa = PBXFileReference; lastKnownFileType = sourcecode.swift; path = BTPayPalValidateResult_Tests.swift; sourceTree = "<group>"; };
		8026243D2357A613005EA84A /* BTPayPalCardContingencyResult_Tests.swift */ = {isa = PBXFileReference; lastKnownFileType = sourcecode.swift; path = BTPayPalCardContingencyResult_Tests.swift; sourceTree = "<group>"; };
		8026243F2357B3DE005EA84A /* BTPayPalValidatorClient_Tests.swift */ = {isa = PBXFileReference; lastKnownFileType = sourcecode.swift; path = BTPayPalValidatorClient_Tests.swift; sourceTree = "<group>"; };
		802C28F02370CC4100A918C7 /* paypal-validate-response-card-expired.json */ = {isa = PBXFileReference; lastKnownFileType = text.json; path = "paypal-validate-response-card-expired.json"; sourceTree = "<group>"; xcLanguageSpecificationIdentifier = xcode.lang.json; };
		802C28F22370D1FE00A918C7 /* paypal-validate-response-invalid-token.json */ = {isa = PBXFileReference; lastKnownFileType = text.json; path = "paypal-validate-response-invalid-token.json"; sourceTree = "<group>"; xcLanguageSpecificationIdentifier = xcode.lang.json; };
		8066A04C235F5026007ACC28 /* UnitTests.xctest */ = {isa = PBXFileReference; explicitFileType = wrapper.cfbundle; includeInIndex = 0; path = UnitTests.xctest; sourceTree = BUILT_PRODUCTS_DIR; };
		8066A050235F5026007ACC28 /* Info.plist */ = {isa = PBXFileReference; lastKnownFileType = text.plist.xml; path = Info.plist; sourceTree = "<group>"; };
		8066A05A235F50D7007ACC28 /* UnitTests-Bridging-Header.h */ = {isa = PBXFileReference; lastKnownFileType = sourcecode.c.h; path = "UnitTests-Bridging-Header.h"; sourceTree = "<group>"; };
		8066A05D235F5E9C007ACC28 /* MockPayPalAPIClient.swift */ = {isa = PBXFileReference; lastKnownFileType = sourcecode.swift; path = MockPayPalAPIClient.swift; sourceTree = "<group>"; };
		8077518C236A3D08001B61BE /* MockURLSession.swift */ = {isa = PBXFileReference; lastKnownFileType = sourcecode.swift; path = MockURLSession.swift; sourceTree = "<group>"; };
		80ADA74A234644AE00579E7A /* DemoMerchantAPI.swift */ = {isa = PBXFileReference; lastKnownFileType = sourcecode.swift; path = DemoMerchantAPI.swift; sourceTree = "<group>"; };
		80ADA74E23464A8900579E7A /* Main.storyboard */ = {isa = PBXFileReference; fileEncoding = 4; lastKnownFileType = file.storyboard; path = Main.storyboard; sourceTree = "<group>"; };
		80B36CB523453FF100AD35E8 /* Demo-Bridging-Header.h */ = {isa = PBXFileReference; lastKnownFileType = sourcecode.c.h; path = "Demo-Bridging-Header.h"; sourceTree = "<group>"; };
		80B36CB623453FF100AD35E8 /* DemoViewController.swift */ = {isa = PBXFileReference; lastKnownFileType = sourcecode.swift; path = DemoViewController.swift; sourceTree = "<group>"; };
		80B36CC62345473800AD35E8 /* BTPayPalCheckoutRequest.h */ = {isa = PBXFileReference; lastKnownFileType = sourcecode.c.h; path = BTPayPalCheckoutRequest.h; sourceTree = "<group>"; };
		80B36CC72345473800AD35E8 /* BTPayPalCheckoutRequest.m */ = {isa = PBXFileReference; lastKnownFileType = sourcecode.c.objc; path = BTPayPalCheckoutRequest.m; sourceTree = "<group>"; };
		80B36CCE23454C9E00AD35E8 /* BTPayPalCheckoutResult.h */ = {isa = PBXFileReference; lastKnownFileType = sourcecode.c.h; path = BTPayPalCheckoutResult.h; sourceTree = "<group>"; };
		80B36CCF23454C9E00AD35E8 /* BTPayPalCheckoutResult.m */ = {isa = PBXFileReference; lastKnownFileType = sourcecode.c.objc; path = BTPayPalCheckoutResult.m; sourceTree = "<group>"; };
		80B36CD223454D2D00AD35E8 /* BTPayPalCardContingencyResult.h */ = {isa = PBXFileReference; lastKnownFileType = sourcecode.c.h; path = BTPayPalCardContingencyResult.h; sourceTree = "<group>"; };
		80B36CD323454D2D00AD35E8 /* BTPayPalCardContingencyResult.m */ = {isa = PBXFileReference; lastKnownFileType = sourcecode.c.objc; path = BTPayPalCardContingencyResult.m; sourceTree = "<group>"; };
		80B36CD723454D9000AD35E8 /* BTPayPalValidateResult.m */ = {isa = PBXFileReference; lastKnownFileType = sourcecode.c.objc; path = BTPayPalValidateResult.m; sourceTree = "<group>"; };
		80B36CDA23454E3700AD35E8 /* BTPayPalCardContingencyRequest.h */ = {isa = PBXFileReference; lastKnownFileType = sourcecode.c.h; path = BTPayPalCardContingencyRequest.h; sourceTree = "<group>"; };
		80B36CDB23454E3700AD35E8 /* BTPayPalCardContingencyRequest.m */ = {isa = PBXFileReference; lastKnownFileType = sourcecode.c.objc; path = BTPayPalCardContingencyRequest.m; sourceTree = "<group>"; };
		80B36CDE23454E8700AD35E8 /* BTPayPalAPIClient.h */ = {isa = PBXFileReference; lastKnownFileType = sourcecode.c.h; path = BTPayPalAPIClient.h; sourceTree = "<group>"; };
		80B36CDF23454E8700AD35E8 /* BTPayPalAPIClient.m */ = {isa = PBXFileReference; lastKnownFileType = sourcecode.c.objc; path = BTPayPalAPIClient.m; sourceTree = "<group>"; };
		80B36CE223454EC000AD35E8 /* BTPayPalValidatorClient.h */ = {isa = PBXFileReference; lastKnownFileType = sourcecode.c.h; path = BTPayPalValidatorClient.h; sourceTree = "<group>"; };
		80B36CE323454EC000AD35E8 /* BTPayPalValidatorClient.m */ = {isa = PBXFileReference; lastKnownFileType = sourcecode.c.objc; path = BTPayPalValidatorClient.m; sourceTree = "<group>"; };
		80BAD273234531B30050F86C /* Demo.app */ = {isa = PBXFileReference; explicitFileType = wrapper.application; includeInIndex = 0; path = Demo.app; sourceTree = BUILT_PRODUCTS_DIR; };
		80BAD282234531B50050F86C /* Assets.xcassets */ = {isa = PBXFileReference; lastKnownFileType = folder.assetcatalog; path = Assets.xcassets; sourceTree = "<group>"; };
		80BAD285234531B50050F86C /* Base */ = {isa = PBXFileReference; lastKnownFileType = file.storyboard; name = Base; path = Base.lproj/LaunchScreen.storyboard; sourceTree = "<group>"; };
		80BAD287234531B50050F86C /* Info.plist */ = {isa = PBXFileReference; lastKnownFileType = text.plist.xml; path = Info.plist; sourceTree = "<group>"; };
		80BAD294234532A30050F86C /* BraintreePayPalValidator.framework */ = {isa = PBXFileReference; explicitFileType = wrapper.framework; includeInIndex = 0; path = BraintreePayPalValidator.framework; sourceTree = BUILT_PRODUCTS_DIR; };
		80BAD296234532A30050F86C /* BraintreePayPalValidator.h */ = {isa = PBXFileReference; lastKnownFileType = sourcecode.c.h; path = BraintreePayPalValidator.h; sourceTree = "<group>"; };
		80BAD297234532A30050F86C /* Info.plist */ = {isa = PBXFileReference; lastKnownFileType = text.plist.xml; path = Info.plist; sourceTree = "<group>"; };
		9A19364E404CB9CC3B8456AD /* Pods_Tests_UnitTests.framework */ = {isa = PBXFileReference; explicitFileType = wrapper.framework; includeInIndex = 0; path = Pods_Tests_UnitTests.framework; sourceTree = BUILT_PRODUCTS_DIR; };
		AF13019BF32BEBA2456FF329 /* Pods_Demo.framework */ = {isa = PBXFileReference; explicitFileType = wrapper.framework; includeInIndex = 0; path = Pods_Demo.framework; sourceTree = BUILT_PRODUCTS_DIR; };
		C1785D517CDA33B044846BD6 /* Pods-SDK_Dependencies-Demo.debug.xcconfig */ = {isa = PBXFileReference; includeInIndex = 1; lastKnownFileType = text.xcconfig; name = "Pods-SDK_Dependencies-Demo.debug.xcconfig"; path = "Target Support Files/Pods-SDK_Dependencies-Demo/Pods-SDK_Dependencies-Demo.debug.xcconfig"; sourceTree = "<group>"; };
		ED84DAD419A329693D68814B /* Pods-Demo.debug.xcconfig */ = {isa = PBXFileReference; includeInIndex = 1; lastKnownFileType = text.xcconfig; name = "Pods-Demo.debug.xcconfig"; path = "Target Support Files/Pods-Demo/Pods-Demo.debug.xcconfig"; sourceTree = "<group>"; };
		EDDCB2D6713F5F54C5AE06CC /* Pods-SDK_Dependencies-UnitTests.release.xcconfig */ = {isa = PBXFileReference; includeInIndex = 1; lastKnownFileType = text.xcconfig; name = "Pods-SDK_Dependencies-UnitTests.release.xcconfig"; path = "Target Support Files/Pods-SDK_Dependencies-UnitTests/Pods-SDK_Dependencies-UnitTests.release.xcconfig"; sourceTree = "<group>"; };
		F59EB3EE67E3571324C49915 /* Pods-Demo.release.xcconfig */ = {isa = PBXFileReference; includeInIndex = 1; lastKnownFileType = text.xcconfig; name = "Pods-Demo.release.xcconfig"; path = "Target Support Files/Pods-Demo/Pods-Demo.release.xcconfig"; sourceTree = "<group>"; };
/* End PBXFileReference section */

/* Begin PBXFrameworksBuildPhase section */
		4294F14F237B5BB600A789E5 /* Frameworks */ = {
			isa = PBXFrameworksBuildPhase;
			buildActionMask = 2147483647;
			files = (
			);
			runOnlyForDeploymentPostprocessing = 0;
		};
		8066A049235F5026007ACC28 /* Frameworks */ = {
			isa = PBXFrameworksBuildPhase;
			buildActionMask = 2147483647;
			files = (
				B9D1B37D8886F13A07F10A80 /* Pods_Tests_UnitTests.framework in Frameworks */,
			);
			runOnlyForDeploymentPostprocessing = 0;
		};
		80BAD270234531B30050F86C /* Frameworks */ = {
			isa = PBXFrameworksBuildPhase;
			buildActionMask = 2147483647;
			files = (
				12BEADF0564F9BD925CB484E /* Pods_Demo.framework in Frameworks */,
			);
			runOnlyForDeploymentPostprocessing = 0;
		};
		80BAD291234532A30050F86C /* Frameworks */ = {
			isa = PBXFrameworksBuildPhase;
			buildActionMask = 2147483647;
			files = (
			);
			runOnlyForDeploymentPostprocessing = 0;
		};
/* End PBXFrameworksBuildPhase section */

/* Begin PBXGroup section */
		425B8319236CBE8C006F694D /* SampleJSON */ = {
			isa = PBXGroup;
			children = (
				425B831A236CBE8C006F694D /* paypal-validate-request.json */,
				425B831E236CCC99006F694D /* paypal-validate-response-without-contingency.json */,
				425B8320236CDDBF006F694D /* paypal-validate-response-with-contingency.json */,
				802C28F02370CC4100A918C7 /* paypal-validate-response-card-expired.json */,
				802C28F22370D1FE00A918C7 /* paypal-validate-response-invalid-token.json */,
			);
			path = SampleJSON;
			sourceTree = "<group>";
		};
		4294F153237B5BB600A789E5 /* UITests */ = {
			isa = PBXGroup;
			children = (
				4294F15C237B5C4C00A789E5 /* CardCheckout_UITests.swift */,
				4294F15E237B629C00A789E5 /* TestHelpers.swift */,
				4294F156237B5BB600A789E5 /* Info.plist */,
			);
			path = UITests;
			sourceTree = "<group>";
		};
		42D352F3235E49AC006A9DD1 /* Helpers */ = {
			isa = PBXGroup;
			children = (
				425B8314236CBDEC006F694D /* BTJSONHelper.swift */,
				42D352F4235E49BF006A9DD1 /* MockApplePayClient.swift */,
				4276306C2360E91B00A8734E /* MockCardClient.swift */,
				4276306E2360F05A00A8734E /* MockPaymentFlowDriver.swift */,
				425B8324236CEBF7006F694D /* MockPaymentFlowDriverDelegate.swift */,
				8066A05D235F5E9C007ACC28 /* MockPayPalAPIClient.swift */,
				8077518C236A3D08001B61BE /* MockURLSession.swift */,
				42986C05235E4B9F00D31176 /* MockViewControllerPresentingDelegate.swift */,
			);
			path = Helpers;
			sourceTree = "<group>";
		};
		6D8747EA22F435AE06F0EF97 /* Pods */ = {
			isa = PBXGroup;
			children = (
				ED84DAD419A329693D68814B /* Pods-Demo.debug.xcconfig */,
				F59EB3EE67E3571324C49915 /* Pods-Demo.release.xcconfig */,
				23D030C91942D9387C652866 /* Pods-Tests-UnitTests.debug.xcconfig */,
				C1785D517CDA33B044846BD6 /* Pods-SDK_Dependencies-Demo.debug.xcconfig */,
				2094252C46E01FDFCCAB6FB2 /* Pods-SDK_Dependencies-Demo.release.xcconfig */,
				0A9D7D23552BD887D4EB3462 /* Pods-SDK_Dependencies-UnitTests.debug.xcconfig */,
				EDDCB2D6713F5F54C5AE06CC /* Pods-SDK_Dependencies-UnitTests.release.xcconfig */,
				7C967B76CFBAE0107281E01B /* Pods-Tests-UnitTests.release.xcconfig */,
			);
			path = Pods;
			sourceTree = "<group>";
		};
		80015A3123567399002825E1 /* CardCheckout */ = {
			isa = PBXGroup;
			children = (
				80B36CDA23454E3700AD35E8 /* BTPayPalCardContingencyRequest.h */,
				80B36CDB23454E3700AD35E8 /* BTPayPalCardContingencyRequest.m */,
				80B36CD223454D2D00AD35E8 /* BTPayPalCardContingencyResult.h */,
				80B36CD323454D2D00AD35E8 /* BTPayPalCardContingencyResult.m */,
			);
			path = CardCheckout;
			sourceTree = "<group>";
		};
		80015A32235673A4002825E1 /* PayPalCheckout */ = {
			isa = PBXGroup;
			children = (
				80B36CC62345473800AD35E8 /* BTPayPalCheckoutRequest.h */,
				80B36CC72345473800AD35E8 /* BTPayPalCheckoutRequest.m */,
				80B36CCE23454C9E00AD35E8 /* BTPayPalCheckoutResult.h */,
				80B36CCF23454C9E00AD35E8 /* BTPayPalCheckoutResult.m */,
			);
			path = PayPalCheckout;
			sourceTree = "<group>";
		};
		8066A04D235F5026007ACC28 /* UnitTests */ = {
			isa = PBXGroup;
			children = (
				802624392357A469005EA84A /* BTPayPalAPIClient_Tests.swift */,
				425B8322236CE98D006F694D /* BTPayPalCardContingencyRequest_Tests.swift */,
				8026243D2357A613005EA84A /* BTPayPalCardContingencyResult_Tests.swift */,
				8026243B2357A4E2005EA84A /* BTPayPalValidateResult_Tests.swift */,
				8026243F2357B3DE005EA84A /* BTPayPalValidatorClient_Tests.swift */,
				42D352F3235E49AC006A9DD1 /* Helpers */,
				8066A050235F5026007ACC28 /* Info.plist */,
				425B8319236CBE8C006F694D /* SampleJSON */,
				8066A05A235F50D7007ACC28 /* UnitTests-Bridging-Header.h */,
			);
			path = UnitTests;
			sourceTree = "<group>";
		};
		80B36CB423453DB800AD35E8 /* Public */ = {
			isa = PBXGroup;
			children = (
				80BAD296234532A30050F86C /* BraintreePayPalValidator.h */,
				80B36CE223454EC000AD35E8 /* BTPayPalValidatorClient.h */,
				80015A2B23566AD6002825E1 /* BTPayPalValidatorResult.h */,
			);
			path = Public;
			sourceTree = "<group>";
		};
		80BAD26A234531B30050F86C = {
			isa = PBXGroup;
			children = (
				80BAD275234531B30050F86C /* Demo */,
				80BAD295234532A30050F86C /* BraintreePayPalValidator */,
				8066A04D235F5026007ACC28 /* UnitTests */,
				4294F153237B5BB600A789E5 /* UITests */,
				80BAD274234531B30050F86C /* Products */,
				6D8747EA22F435AE06F0EF97 /* Pods */,
				C9DB1FDC124257E4D46F6F7B /* Frameworks */,
			);
			sourceTree = "<group>";
		};
		80BAD274234531B30050F86C /* Products */ = {
			isa = PBXGroup;
			children = (
				80BAD273234531B30050F86C /* Demo.app */,
				80BAD294234532A30050F86C /* BraintreePayPalValidator.framework */,
				8066A04C235F5026007ACC28 /* UnitTests.xctest */,
				4294F152237B5BB600A789E5 /* UITests.xctest */,
			);
			name = Products;
			sourceTree = "<group>";
		};
		80BAD275234531B30050F86C /* Demo */ = {
			isa = PBXGroup;
			children = (
				4276306B2360DF4F00A8734E /* Demo.entitlements */,
				42FCAAAF235E32FA00B9BC3E /* AppDelegate.swift */,
				80ADA74A234644AE00579E7A /* DemoMerchantAPI.swift */,
				80B36CB623453FF100AD35E8 /* DemoViewController.swift */,
				80B36CB523453FF100AD35E8 /* Demo-Bridging-Header.h */,
				80BAD282234531B50050F86C /* Assets.xcassets */,
				80BAD287234531B50050F86C /* Info.plist */,
				80BAD284234531B50050F86C /* LaunchScreen.storyboard */,
				80ADA74E23464A8900579E7A /* Main.storyboard */,
				42138C7123678B4B00376E80 /* Settings.bundle */,
			);
			path = Demo;
			sourceTree = "<group>";
		};
		80BAD295234532A30050F86C /* BraintreePayPalValidator */ = {
			isa = PBXGroup;
			children = (
				80B36CDE23454E8700AD35E8 /* BTPayPalAPIClient.h */,
				80B36CDF23454E8700AD35E8 /* BTPayPalAPIClient.m */,
				8026243823578F75005EA84A /* BTPayPalValidateResult.h */,
				80B36CD723454D9000AD35E8 /* BTPayPalValidateResult.m */,
				80B36CE323454EC000AD35E8 /* BTPayPalValidatorClient.m */,
				42FF386B235E42D000F0CF10 /* BTPayPalValidatorClient_Internal.h */,
				80015A2C23566AD6002825E1 /* BTPayPalValidatorResult.m */,
				80015A3123567399002825E1 /* CardCheckout */,
				80BAD297234532A30050F86C /* Info.plist */,
				80015A32235673A4002825E1 /* PayPalCheckout */,
				80B36CB423453DB800AD35E8 /* Public */,
			);
			path = BraintreePayPalValidator;
			sourceTree = "<group>";
		};
		C9DB1FDC124257E4D46F6F7B /* Frameworks */ = {
			isa = PBXGroup;
			children = (
				AF13019BF32BEBA2456FF329 /* Pods_Demo.framework */,
				9A19364E404CB9CC3B8456AD /* Pods_Tests_UnitTests.framework */,
			);
			name = Frameworks;
			sourceTree = "<group>";
		};
/* End PBXGroup section */

/* Begin PBXHeadersBuildPhase section */
		80BAD28F234532A30050F86C /* Headers */ = {
			isa = PBXHeadersBuildPhase;
			buildActionMask = 2147483647;
			files = (
				80B36CD023454C9E00AD35E8 /* BTPayPalCheckoutResult.h in Headers */,
				80BAD298234532A30050F86C /* BraintreePayPalValidator.h in Headers */,
				80B36CE423454EC000AD35E8 /* BTPayPalValidatorClient.h in Headers */,
				80015A2D23566AD6002825E1 /* BTPayPalValidatorResult.h in Headers */,
				80B36CD423454D2D00AD35E8 /* BTPayPalCardContingencyResult.h in Headers */,
				80B36CC82345473800AD35E8 /* BTPayPalCheckoutRequest.h in Headers */,
				80B36CDC23454E3700AD35E8 /* BTPayPalCardContingencyRequest.h in Headers */,
				80B36CE023454E8700AD35E8 /* BTPayPalAPIClient.h in Headers */,
				42FF386C235E42D000F0CF10 /* BTPayPalValidatorClient_Internal.h in Headers */,
			);
			runOnlyForDeploymentPostprocessing = 0;
		};
/* End PBXHeadersBuildPhase section */

/* Begin PBXNativeTarget section */
		4294F151237B5BB600A789E5 /* UITests */ = {
			isa = PBXNativeTarget;
			buildConfigurationList = 4294F15B237B5BB600A789E5 /* Build configuration list for PBXNativeTarget "UITests" */;
			buildPhases = (
				4294F14E237B5BB600A789E5 /* Sources */,
				4294F14F237B5BB600A789E5 /* Frameworks */,
				4294F150237B5BB600A789E5 /* Resources */,
			);
			buildRules = (
			);
			dependencies = (
				4294F158237B5BB600A789E5 /* PBXTargetDependency */,
			);
			name = UITests;
			productName = UITests;
			productReference = 4294F152237B5BB600A789E5 /* UITests.xctest */;
			productType = "com.apple.product-type.bundle.ui-testing";
		};
		8066A04B235F5026007ACC28 /* UnitTests */ = {
			isa = PBXNativeTarget;
			buildConfigurationList = 8066A053235F5026007ACC28 /* Build configuration list for PBXNativeTarget "UnitTests" */;
			buildPhases = (
				AA9FF6CA277D0D5AA74EB846 /* [CP] Check Pods Manifest.lock */,
				8066A048235F5026007ACC28 /* Sources */,
				8066A049235F5026007ACC28 /* Frameworks */,
				8066A04A235F5026007ACC28 /* Resources */,
				F2908C2C78EBC09CCD265BCE /* [CP] Embed Pods Frameworks */,
			);
			buildRules = (
			);
			dependencies = (
				8066A052235F5026007ACC28 /* PBXTargetDependency */,
			);
			name = UnitTests;
			productName = UnitTests;
			productReference = 8066A04C235F5026007ACC28 /* UnitTests.xctest */;
			productType = "com.apple.product-type.bundle.unit-test";
		};
		80BAD272234531B30050F86C /* Demo */ = {
			isa = PBXNativeTarget;
			buildConfigurationList = 80BAD28C234531B50050F86C /* Build configuration list for PBXNativeTarget "Demo" */;
			buildPhases = (
				1547086EE238E30BB4ACE2AD /* [CP] Check Pods Manifest.lock */,
				80BAD26F234531B30050F86C /* Sources */,
				80BAD270234531B30050F86C /* Frameworks */,
				80BAD271234531B30050F86C /* Resources */,
				799409B98C1F65E4EA2DC20A /* [CP] Embed Pods Frameworks */,
			);
			buildRules = (
			);
			dependencies = (
			);
			name = Demo;
			productName = BraintreePayPalValidator;
			productReference = 80BAD273234531B30050F86C /* Demo.app */;
			productType = "com.apple.product-type.application";
		};
		80BAD293234532A30050F86C /* BraintreePayPalValidator */ = {
			isa = PBXNativeTarget;
			buildConfigurationList = 80BAD299234532A30050F86C /* Build configuration list for PBXNativeTarget "BraintreePayPalValidator" */;
			buildPhases = (
				80BAD28F234532A30050F86C /* Headers */,
				80BAD290234532A30050F86C /* Sources */,
				80BAD291234532A30050F86C /* Frameworks */,
				80BAD292234532A30050F86C /* Resources */,
			);
			buildRules = (
			);
			dependencies = (
			);
			name = BraintreePayPalValidator;
			productName = BraintreePayPalValidator;
			productReference = 80BAD294234532A30050F86C /* BraintreePayPalValidator.framework */;
			productType = "com.apple.product-type.framework";
		};
/* End PBXNativeTarget section */

/* Begin PBXProject section */
		80BAD26B234531B30050F86C /* Project object */ = {
			isa = PBXProject;
			attributes = {
				DefaultBuildSystemTypeForWorkspace = Original;
				LastSwiftUpdateCheck = 1120;
				LastUpgradeCheck = 1100;
				ORGANIZATIONNAME = "Braintree Payments";
				TargetAttributes = {
					4294F151237B5BB600A789E5 = {
						CreatedOnToolsVersion = 11.2;
						TestTargetID = 80BAD272234531B30050F86C;
					};
					8066A04B235F5026007ACC28 = {
						CreatedOnToolsVersion = 11.1;
						TestTargetID = 80BAD272234531B30050F86C;
					};
					80BAD272234531B30050F86C = {
						CreatedOnToolsVersion = 11.0;
						LastSwiftMigration = 1100;
					};
					80BAD293234532A30050F86C = {
						CreatedOnToolsVersion = 11.0;
					};
				};
			};
			buildConfigurationList = 80BAD26E234531B30050F86C /* Build configuration list for PBXProject "BraintreePayPalValidator" */;
			compatibilityVersion = "Xcode 9.3";
			developmentRegion = en;
			hasScannedForEncodings = 0;
			knownRegions = (
				en,
				Base,
			);
			mainGroup = 80BAD26A234531B30050F86C;
			productRefGroup = 80BAD274234531B30050F86C /* Products */;
			projectDirPath = "";
			projectRoot = "";
			targets = (
				80BAD272234531B30050F86C /* Demo */,
				80BAD293234532A30050F86C /* BraintreePayPalValidator */,
				8066A04B235F5026007ACC28 /* UnitTests */,
				4294F151237B5BB600A789E5 /* UITests */,
			);
		};
/* End PBXProject section */

/* Begin PBXResourcesBuildPhase section */
		4294F150237B5BB600A789E5 /* Resources */ = {
			isa = PBXResourcesBuildPhase;
			buildActionMask = 2147483647;
			files = (
			);
			runOnlyForDeploymentPostprocessing = 0;
		};
		8066A04A235F5026007ACC28 /* Resources */ = {
			isa = PBXResourcesBuildPhase;
			buildActionMask = 2147483647;
			files = (
				802C28F12370CC4100A918C7 /* paypal-validate-response-card-expired.json in Resources */,
				425B831F236CCC99006F694D /* paypal-validate-response-without-contingency.json in Resources */,
				802C28F32370D1FE00A918C7 /* paypal-validate-response-invalid-token.json in Resources */,
				425B8321236CDDBF006F694D /* paypal-validate-response-with-contingency.json in Resources */,
				425B831B236CBE8C006F694D /* paypal-validate-request.json in Resources */,
			);
			runOnlyForDeploymentPostprocessing = 0;
		};
		80BAD271234531B30050F86C /* Resources */ = {
			isa = PBXResourcesBuildPhase;
			buildActionMask = 2147483647;
			files = (
				42138C7223678B4B00376E80 /* Settings.bundle in Resources */,
				80BAD286234531B50050F86C /* LaunchScreen.storyboard in Resources */,
				80BAD283234531B50050F86C /* Assets.xcassets in Resources */,
				80ADA74F23464A8900579E7A /* Main.storyboard in Resources */,
			);
			runOnlyForDeploymentPostprocessing = 0;
		};
		80BAD292234532A30050F86C /* Resources */ = {
			isa = PBXResourcesBuildPhase;
			buildActionMask = 2147483647;
			files = (
			);
			runOnlyForDeploymentPostprocessing = 0;
		};
/* End PBXResourcesBuildPhase section */

/* Begin PBXShellScriptBuildPhase section */
		1547086EE238E30BB4ACE2AD /* [CP] Check Pods Manifest.lock */ = {
			isa = PBXShellScriptBuildPhase;
			buildActionMask = 2147483647;
			files = (
			);
			inputFileListPaths = (
			);
			inputPaths = (
				"${PODS_PODFILE_DIR_PATH}/Podfile.lock",
				"${PODS_ROOT}/Manifest.lock",
			);
			name = "[CP] Check Pods Manifest.lock";
			outputFileListPaths = (
			);
			outputPaths = (
				"$(DERIVED_FILE_DIR)/Pods-Demo-checkManifestLockResult.txt",
			);
			runOnlyForDeploymentPostprocessing = 0;
			shellPath = /bin/sh;
			shellScript = "diff \"${PODS_PODFILE_DIR_PATH}/Podfile.lock\" \"${PODS_ROOT}/Manifest.lock\" > /dev/null\nif [ $? != 0 ] ; then\n    # print error to STDERR\n    echo \"error: The sandbox is not in sync with the Podfile.lock. Run 'pod install' or update your CocoaPods installation.\" >&2\n    exit 1\nfi\n# This output is used by Xcode 'outputs' to avoid re-running this script phase.\necho \"SUCCESS\" > \"${SCRIPT_OUTPUT_FILE_0}\"\n";
			showEnvVarsInLog = 0;
		};
		799409B98C1F65E4EA2DC20A /* [CP] Embed Pods Frameworks */ = {
			isa = PBXShellScriptBuildPhase;
			buildActionMask = 2147483647;
			files = (
			);
			inputFileListPaths = (
				"${PODS_ROOT}/Target Support Files/Pods-Demo/Pods-Demo-frameworks-${CONFIGURATION}-input-files.xcfilelist",
			);
			name = "[CP] Embed Pods Frameworks";
			outputFileListPaths = (
				"${PODS_ROOT}/Target Support Files/Pods-Demo/Pods-Demo-frameworks-${CONFIGURATION}-output-files.xcfilelist",
			);
			runOnlyForDeploymentPostprocessing = 0;
			shellPath = /bin/sh;
			shellScript = "\"${PODS_ROOT}/Target Support Files/Pods-Demo/Pods-Demo-frameworks.sh\"\n";
			showEnvVarsInLog = 0;
		};
		AA9FF6CA277D0D5AA74EB846 /* [CP] Check Pods Manifest.lock */ = {
			isa = PBXShellScriptBuildPhase;
			buildActionMask = 2147483647;
			files = (
			);
			inputFileListPaths = (
			);
			inputPaths = (
				"${PODS_PODFILE_DIR_PATH}/Podfile.lock",
				"${PODS_ROOT}/Manifest.lock",
			);
			name = "[CP] Check Pods Manifest.lock";
			outputFileListPaths = (
			);
			outputPaths = (
				"$(DERIVED_FILE_DIR)/Pods-Tests-UnitTests-checkManifestLockResult.txt",
			);
			runOnlyForDeploymentPostprocessing = 0;
			shellPath = /bin/sh;
			shellScript = "diff \"${PODS_PODFILE_DIR_PATH}/Podfile.lock\" \"${PODS_ROOT}/Manifest.lock\" > /dev/null\nif [ $? != 0 ] ; then\n    # print error to STDERR\n    echo \"error: The sandbox is not in sync with the Podfile.lock. Run 'pod install' or update your CocoaPods installation.\" >&2\n    exit 1\nfi\n# This output is used by Xcode 'outputs' to avoid re-running this script phase.\necho \"SUCCESS\" > \"${SCRIPT_OUTPUT_FILE_0}\"\n";
			showEnvVarsInLog = 0;
		};
		F2908C2C78EBC09CCD265BCE /* [CP] Embed Pods Frameworks */ = {
			isa = PBXShellScriptBuildPhase;
			buildActionMask = 2147483647;
			files = (
			);
			inputFileListPaths = (
				"${PODS_ROOT}/Target Support Files/Pods-Tests-UnitTests/Pods-Tests-UnitTests-frameworks-${CONFIGURATION}-input-files.xcfilelist",
			);
			name = "[CP] Embed Pods Frameworks";
			outputFileListPaths = (
				"${PODS_ROOT}/Target Support Files/Pods-Tests-UnitTests/Pods-Tests-UnitTests-frameworks-${CONFIGURATION}-output-files.xcfilelist",
			);
			runOnlyForDeploymentPostprocessing = 0;
			shellPath = /bin/sh;
			shellScript = "\"${PODS_ROOT}/Target Support Files/Pods-Tests-UnitTests/Pods-Tests-UnitTests-frameworks.sh\"\n";
			showEnvVarsInLog = 0;
		};
/* End PBXShellScriptBuildPhase section */

/* Begin PBXSourcesBuildPhase section */
		4294F14E237B5BB600A789E5 /* Sources */ = {
			isa = PBXSourcesBuildPhase;
			buildActionMask = 2147483647;
			files = (
				4294F15D237B5C4C00A789E5 /* CardCheckout_UITests.swift in Sources */,
				4294F15F237B629C00A789E5 /* TestHelpers.swift in Sources */,
			);
			runOnlyForDeploymentPostprocessing = 0;
		};
		8066A048235F5026007ACC28 /* Sources */ = {
			isa = PBXSourcesBuildPhase;
			buildActionMask = 2147483647;
			files = (
				8066A058235F506F007ACC28 /* BTPayPalAPIClient_Tests.swift in Sources */,
				8066A056235F506F007ACC28 /* BTPayPalValidatorClient_Tests.swift in Sources */,
				8066A057235F506F007ACC28 /* BTPayPalCardContingencyResult_Tests.swift in Sources */,
				4276306F2360F05A00A8734E /* MockPaymentFlowDriver.swift in Sources */,
				8066A05C235F51F2007ACC28 /* MockViewControllerPresentingDelegate.swift in Sources */,
				8066A05B235F51EF007ACC28 /* MockApplePayClient.swift in Sources */,
				4276306D2360E91B00A8734E /* MockCardClient.swift in Sources */,
				425B8325236CEBF7006F694D /* MockPaymentFlowDriverDelegate.swift in Sources */,
				425B8315236CBDEC006F694D /* BTJSONHelper.swift in Sources */,
				425B8323236CE98D006F694D /* BTPayPalCardContingencyRequest_Tests.swift in Sources */,
				8066A05E235F5E9C007ACC28 /* MockPayPalAPIClient.swift in Sources */,
				8077518D236A3D08001B61BE /* MockURLSession.swift in Sources */,
				8066A059235F506F007ACC28 /* BTPayPalValidateResult_Tests.swift in Sources */,
			);
			runOnlyForDeploymentPostprocessing = 0;
		};
		80BAD26F234531B30050F86C /* Sources */ = {
			isa = PBXSourcesBuildPhase;
			buildActionMask = 2147483647;
			files = (
				80ADA74B234644AE00579E7A /* DemoMerchantAPI.swift in Sources */,
				80B36CB723453FF100AD35E8 /* DemoViewController.swift in Sources */,
				42FCAAB0235E32FA00B9BC3E /* AppDelegate.swift in Sources */,
			);
			runOnlyForDeploymentPostprocessing = 0;
		};
		80BAD290234532A30050F86C /* Sources */ = {
			isa = PBXSourcesBuildPhase;
			buildActionMask = 2147483647;
			files = (
				80B36CDD23454E3700AD35E8 /* BTPayPalCardContingencyRequest.m in Sources */,
				80B36CD123454C9E00AD35E8 /* BTPayPalCheckoutResult.m in Sources */,
				80B36CD523454D2D00AD35E8 /* BTPayPalCardContingencyResult.m in Sources */,
				80B36CC92345473800AD35E8 /* BTPayPalCheckoutRequest.m in Sources */,
				80B36CD923454D9000AD35E8 /* BTPayPalValidateResult.m in Sources */,
				80B36CE123454E8700AD35E8 /* BTPayPalAPIClient.m in Sources */,
				80015A2E23566AD6002825E1 /* BTPayPalValidatorResult.m in Sources */,
				80B36CE523454EC000AD35E8 /* BTPayPalValidatorClient.m in Sources */,
			);
			runOnlyForDeploymentPostprocessing = 0;
		};
/* End PBXSourcesBuildPhase section */

/* Begin PBXTargetDependency section */
		4294F158237B5BB600A789E5 /* PBXTargetDependency */ = {
			isa = PBXTargetDependency;
			target = 80BAD272234531B30050F86C /* Demo */;
			targetProxy = 4294F157237B5BB600A789E5 /* PBXContainerItemProxy */;
		};
		8066A052235F5026007ACC28 /* PBXTargetDependency */ = {
			isa = PBXTargetDependency;
			target = 80BAD272234531B30050F86C /* Demo */;
			targetProxy = 8066A051235F5026007ACC28 /* PBXContainerItemProxy */;
		};
/* End PBXTargetDependency section */

/* Begin PBXVariantGroup section */
		80BAD284234531B50050F86C /* LaunchScreen.storyboard */ = {
			isa = PBXVariantGroup;
			children = (
				80BAD285234531B50050F86C /* Base */,
			);
			name = LaunchScreen.storyboard;
			sourceTree = "<group>";
		};
/* End PBXVariantGroup section */

/* Begin XCBuildConfiguration section */
		4294F159237B5BB600A789E5 /* Debug */ = {
			isa = XCBuildConfiguration;
			buildSettings = {
				CODE_SIGN_STYLE = Automatic;
				INFOPLIST_FILE = UITests/Info.plist;
				IPHONEOS_DEPLOYMENT_TARGET = 9.0;
				LD_RUNPATH_SEARCH_PATHS = (
					"$(inherited)",
					"@executable_path/Frameworks",
					"@loader_path/Frameworks",
				);
				PRODUCT_BUNDLE_IDENTIFIER = com.braintreepayments.UITests;
				PRODUCT_NAME = "$(TARGET_NAME)";
				SWIFT_ACTIVE_COMPILATION_CONDITIONS = DEBUG;
				SWIFT_OPTIMIZATION_LEVEL = "-Onone";
				SWIFT_VERSION = 5.0;
				TARGETED_DEVICE_FAMILY = "1,2";
				TEST_TARGET_NAME = Demo;
			};
			name = Debug;
		};
		4294F15A237B5BB600A789E5 /* Release */ = {
			isa = XCBuildConfiguration;
			buildSettings = {
				CODE_SIGN_STYLE = Automatic;
				INFOPLIST_FILE = UITests/Info.plist;
				IPHONEOS_DEPLOYMENT_TARGET = 9.0;
				LD_RUNPATH_SEARCH_PATHS = (
					"$(inherited)",
					"@executable_path/Frameworks",
					"@loader_path/Frameworks",
				);
				PRODUCT_BUNDLE_IDENTIFIER = com.braintreepayments.UITests;
				PRODUCT_NAME = "$(TARGET_NAME)";
				SWIFT_COMPILATION_MODE = wholemodule;
				SWIFT_OPTIMIZATION_LEVEL = "-O";
				SWIFT_VERSION = 5.0;
				TARGETED_DEVICE_FAMILY = "1,2";
				TEST_TARGET_NAME = Demo;
			};
			name = Release;
		};
		8066A054235F5026007ACC28 /* Debug */ = {
			isa = XCBuildConfiguration;
			baseConfigurationReference = 23D030C91942D9387C652866 /* Pods-Tests-UnitTests.debug.xcconfig */;
			buildSettings = {
				BUNDLE_LOADER = "$(TEST_HOST)";
				CODE_SIGN_STYLE = Automatic;
				DEVELOPMENT_TEAM = 43253H4X22;
				INFOPLIST_FILE = UnitTests/Info.plist;
				IPHONEOS_DEPLOYMENT_TARGET = 9.0;
				LD_RUNPATH_SEARCH_PATHS = (
					"$(inherited)",
					"@executable_path/Frameworks",
					"@loader_path/Frameworks",
				);
				PRODUCT_BUNDLE_IDENTIFIER = com.braintreepayments.UnitTests;
				PRODUCT_NAME = "$(TARGET_NAME)";
				SWIFT_ACTIVE_COMPILATION_CONDITIONS = DEBUG;
				SWIFT_OBJC_BRIDGING_HEADER = "UnitTests/UnitTests-Bridging-Header.h";
				SWIFT_OPTIMIZATION_LEVEL = "-Onone";
				SWIFT_VERSION = 5.0;
				TARGETED_DEVICE_FAMILY = "1,2";
				TEST_HOST = "$(BUILT_PRODUCTS_DIR)/Demo.app/Demo";
			};
			name = Debug;
		};
		8066A055235F5026007ACC28 /* Release */ = {
			isa = XCBuildConfiguration;
			baseConfigurationReference = 7C967B76CFBAE0107281E01B /* Pods-Tests-UnitTests.release.xcconfig */;
			buildSettings = {
				BUNDLE_LOADER = "$(TEST_HOST)";
				CODE_SIGN_STYLE = Automatic;
				DEVELOPMENT_TEAM = 43253H4X22;
				INFOPLIST_FILE = UnitTests/Info.plist;
				IPHONEOS_DEPLOYMENT_TARGET = 9.0;
				LD_RUNPATH_SEARCH_PATHS = (
					"$(inherited)",
					"@executable_path/Frameworks",
					"@loader_path/Frameworks",
				);
				PRODUCT_BUNDLE_IDENTIFIER = com.braintreepayments.UnitTests;
				PRODUCT_NAME = "$(TARGET_NAME)";
				SWIFT_COMPILATION_MODE = wholemodule;
				SWIFT_OBJC_BRIDGING_HEADER = "UnitTests/UnitTests-Bridging-Header.h";
				SWIFT_OPTIMIZATION_LEVEL = "-O";
				SWIFT_VERSION = 5.0;
				TARGETED_DEVICE_FAMILY = "1,2";
				TEST_HOST = "$(BUILT_PRODUCTS_DIR)/Demo.app/Demo";
			};
			name = Release;
		};
		80BAD28A234531B50050F86C /* Debug */ = {
			isa = XCBuildConfiguration;
			buildSettings = {
				ALWAYS_SEARCH_USER_PATHS = NO;
				CLANG_ALLOW_NON_MODULAR_INCLUDES_IN_FRAMEWORK_MODULES = YES;
				CLANG_ANALYZER_NONNULL = YES;
				CLANG_ANALYZER_NUMBER_OBJECT_CONVERSION = YES_AGGRESSIVE;
				CLANG_CXX_LANGUAGE_STANDARD = "gnu++14";
				CLANG_CXX_LIBRARY = "libc++";
				CLANG_ENABLE_MODULES = YES;
				CLANG_ENABLE_OBJC_ARC = YES;
				CLANG_ENABLE_OBJC_WEAK = YES;
				CLANG_WARN_BLOCK_CAPTURE_AUTORELEASING = YES;
				CLANG_WARN_BOOL_CONVERSION = YES;
				CLANG_WARN_COMMA = YES;
				CLANG_WARN_CONSTANT_CONVERSION = YES;
				CLANG_WARN_DEPRECATED_OBJC_IMPLEMENTATIONS = YES;
				CLANG_WARN_DIRECT_OBJC_ISA_USAGE = YES_ERROR;
				CLANG_WARN_DOCUMENTATION_COMMENTS = YES;
				CLANG_WARN_EMPTY_BODY = YES;
				CLANG_WARN_ENUM_CONVERSION = YES;
				CLANG_WARN_INFINITE_RECURSION = YES;
				CLANG_WARN_INT_CONVERSION = YES;
				CLANG_WARN_NON_LITERAL_NULL_CONVERSION = YES;
				CLANG_WARN_OBJC_IMPLICIT_RETAIN_SELF = YES;
				CLANG_WARN_OBJC_LITERAL_CONVERSION = YES;
				CLANG_WARN_OBJC_ROOT_CLASS = YES_ERROR;
				CLANG_WARN_RANGE_LOOP_ANALYSIS = YES;
				CLANG_WARN_STRICT_PROTOTYPES = YES;
				CLANG_WARN_SUSPICIOUS_MOVE = YES;
				CLANG_WARN_UNGUARDED_AVAILABILITY = YES_AGGRESSIVE;
				CLANG_WARN_UNREACHABLE_CODE = YES;
				CLANG_WARN__DUPLICATE_METHOD_MATCH = YES;
				COPY_PHASE_STRIP = NO;
				DEBUG_INFORMATION_FORMAT = dwarf;
				ENABLE_STRICT_OBJC_MSGSEND = YES;
				ENABLE_TESTABILITY = YES;
				GCC_C_LANGUAGE_STANDARD = gnu11;
				GCC_DYNAMIC_NO_PIC = NO;
				GCC_NO_COMMON_BLOCKS = YES;
				GCC_OPTIMIZATION_LEVEL = 0;
				GCC_PREPROCESSOR_DEFINITIONS = (
					"DEBUG=1",
					"$(inherited)",
				);
				GCC_WARN_64_TO_32_BIT_CONVERSION = YES;
				GCC_WARN_ABOUT_RETURN_TYPE = YES_ERROR;
				GCC_WARN_UNDECLARED_SELECTOR = YES;
				GCC_WARN_UNINITIALIZED_AUTOS = YES_AGGRESSIVE;
				GCC_WARN_UNUSED_FUNCTION = YES;
				GCC_WARN_UNUSED_VARIABLE = YES;
				IPHONEOS_DEPLOYMENT_TARGET = 9.0;
				MTL_ENABLE_DEBUG_INFO = INCLUDE_SOURCE;
				MTL_FAST_MATH = YES;
				ONLY_ACTIVE_ARCH = YES;
				SDKROOT = iphoneos;
			};
			name = Debug;
		};
		80BAD28B234531B50050F86C /* Release */ = {
			isa = XCBuildConfiguration;
			buildSettings = {
				ALWAYS_SEARCH_USER_PATHS = NO;
				CLANG_ALLOW_NON_MODULAR_INCLUDES_IN_FRAMEWORK_MODULES = YES;
				CLANG_ANALYZER_NONNULL = YES;
				CLANG_ANALYZER_NUMBER_OBJECT_CONVERSION = YES_AGGRESSIVE;
				CLANG_CXX_LANGUAGE_STANDARD = "gnu++14";
				CLANG_CXX_LIBRARY = "libc++";
				CLANG_ENABLE_MODULES = YES;
				CLANG_ENABLE_OBJC_ARC = YES;
				CLANG_ENABLE_OBJC_WEAK = YES;
				CLANG_WARN_BLOCK_CAPTURE_AUTORELEASING = YES;
				CLANG_WARN_BOOL_CONVERSION = YES;
				CLANG_WARN_COMMA = YES;
				CLANG_WARN_CONSTANT_CONVERSION = YES;
				CLANG_WARN_DEPRECATED_OBJC_IMPLEMENTATIONS = YES;
				CLANG_WARN_DIRECT_OBJC_ISA_USAGE = YES_ERROR;
				CLANG_WARN_DOCUMENTATION_COMMENTS = YES;
				CLANG_WARN_EMPTY_BODY = YES;
				CLANG_WARN_ENUM_CONVERSION = YES;
				CLANG_WARN_INFINITE_RECURSION = YES;
				CLANG_WARN_INT_CONVERSION = YES;
				CLANG_WARN_NON_LITERAL_NULL_CONVERSION = YES;
				CLANG_WARN_OBJC_IMPLICIT_RETAIN_SELF = YES;
				CLANG_WARN_OBJC_LITERAL_CONVERSION = YES;
				CLANG_WARN_OBJC_ROOT_CLASS = YES_ERROR;
				CLANG_WARN_RANGE_LOOP_ANALYSIS = YES;
				CLANG_WARN_STRICT_PROTOTYPES = YES;
				CLANG_WARN_SUSPICIOUS_MOVE = YES;
				CLANG_WARN_UNGUARDED_AVAILABILITY = YES_AGGRESSIVE;
				CLANG_WARN_UNREACHABLE_CODE = YES;
				CLANG_WARN__DUPLICATE_METHOD_MATCH = YES;
				COPY_PHASE_STRIP = NO;
				DEBUG_INFORMATION_FORMAT = "dwarf-with-dsym";
				ENABLE_NS_ASSERTIONS = NO;
				ENABLE_STRICT_OBJC_MSGSEND = YES;
				GCC_C_LANGUAGE_STANDARD = gnu11;
				GCC_NO_COMMON_BLOCKS = YES;
				GCC_WARN_64_TO_32_BIT_CONVERSION = YES;
				GCC_WARN_ABOUT_RETURN_TYPE = YES_ERROR;
				GCC_WARN_UNDECLARED_SELECTOR = YES;
				GCC_WARN_UNINITIALIZED_AUTOS = YES_AGGRESSIVE;
				GCC_WARN_UNUSED_FUNCTION = YES;
				GCC_WARN_UNUSED_VARIABLE = YES;
				IPHONEOS_DEPLOYMENT_TARGET = 9.0;
				MTL_ENABLE_DEBUG_INFO = NO;
				MTL_FAST_MATH = YES;
				SDKROOT = iphoneos;
				VALIDATE_PRODUCT = YES;
			};
			name = Release;
		};
		80BAD28D234531B50050F86C /* Debug */ = {
			isa = XCBuildConfiguration;
			baseConfigurationReference = ED84DAD419A329693D68814B /* Pods-Demo.debug.xcconfig */;
			buildSettings = {
				ASSETCATALOG_COMPILER_APPICON_NAME = AppIcon;
				CLANG_ALLOW_NON_MODULAR_INCLUDES_IN_FRAMEWORK_MODULES = YES;
				CLANG_ENABLE_MODULES = YES;
				CODE_SIGN_ENTITLEMENTS = Demo/Demo.entitlements;
				CODE_SIGN_STYLE = Automatic;
				DEVELOPMENT_TEAM = 43253H4X22;
				INFOPLIST_FILE = Demo/Info.plist;
				LD_RUNPATH_SEARCH_PATHS = (
					"$(inherited)",
					"@executable_path/Frameworks",
				);
				PRODUCT_BUNDLE_IDENTIFIER = com.braintreepayments.Demo;
				PRODUCT_NAME = Demo;
				SWIFT_OBJC_BRIDGING_HEADER = "Demo/Demo-Bridging-Header.h";
				SWIFT_OPTIMIZATION_LEVEL = "-Onone";
				SWIFT_VERSION = 5.0;
				TARGETED_DEVICE_FAMILY = "1,2";
			};
			name = Debug;
		};
		80BAD28E234531B50050F86C /* Release */ = {
			isa = XCBuildConfiguration;
			baseConfigurationReference = F59EB3EE67E3571324C49915 /* Pods-Demo.release.xcconfig */;
			buildSettings = {
				ASSETCATALOG_COMPILER_APPICON_NAME = AppIcon;
				CLANG_ALLOW_NON_MODULAR_INCLUDES_IN_FRAMEWORK_MODULES = YES;
				CLANG_ENABLE_MODULES = YES;
				CODE_SIGN_ENTITLEMENTS = Demo/Demo.entitlements;
				CODE_SIGN_STYLE = Automatic;
				DEVELOPMENT_TEAM = 43253H4X22;
				INFOPLIST_FILE = Demo/Info.plist;
				LD_RUNPATH_SEARCH_PATHS = (
					"$(inherited)",
					"@executable_path/Frameworks",
				);
				PRODUCT_BUNDLE_IDENTIFIER = com.braintreepayments.Demo;
				PRODUCT_NAME = Demo;
				SWIFT_OBJC_BRIDGING_HEADER = "Demo/Demo-Bridging-Header.h";
				SWIFT_VERSION = 5.0;
				TARGETED_DEVICE_FAMILY = "1,2";
			};
			name = Release;
		};
		80BAD29A234532A30050F86C /* Debug */ = {
			isa = XCBuildConfiguration;
			buildSettings = {
				CLANG_ALLOW_NON_MODULAR_INCLUDES_IN_FRAMEWORK_MODULES = YES;
				CODE_SIGN_STYLE = Automatic;
				CURRENT_PROJECT_VERSION = 1;
				DEFINES_MODULE = YES;
				DEVELOPMENT_TEAM = 43253H4X22;
				DYLIB_COMPATIBILITY_VERSION = 1;
				DYLIB_CURRENT_VERSION = 1;
				DYLIB_INSTALL_NAME_BASE = "@rpath";
				INFOPLIST_FILE = BraintreePayPalValidator/Info.plist;
				INSTALL_PATH = "$(LOCAL_LIBRARY_DIR)/Frameworks";
				IPHONEOS_DEPLOYMENT_TARGET = 9.0;
				LD_RUNPATH_SEARCH_PATHS = (
					"$(inherited)",
					"@executable_path/Frameworks",
					"@loader_path/Frameworks",
				);
				PRODUCT_BUNDLE_IDENTIFIER = com.braintreepayments.BraintreePayPalValidator;
				PRODUCT_NAME = "$(TARGET_NAME:c99extidentifier)";
				SKIP_INSTALL = YES;
				TARGETED_DEVICE_FAMILY = "1,2";
				VERSIONING_SYSTEM = "apple-generic";
				VERSION_INFO_PREFIX = "";
			};
			name = Debug;
		};
		80BAD29B234532A30050F86C /* Release */ = {
			isa = XCBuildConfiguration;
			buildSettings = {
				CLANG_ALLOW_NON_MODULAR_INCLUDES_IN_FRAMEWORK_MODULES = YES;
				CODE_SIGN_STYLE = Automatic;
				CURRENT_PROJECT_VERSION = 1;
				DEFINES_MODULE = YES;
				DEVELOPMENT_TEAM = 43253H4X22;
				DYLIB_COMPATIBILITY_VERSION = 1;
				DYLIB_CURRENT_VERSION = 1;
				DYLIB_INSTALL_NAME_BASE = "@rpath";
				INFOPLIST_FILE = BraintreePayPalValidator/Info.plist;
				INSTALL_PATH = "$(LOCAL_LIBRARY_DIR)/Frameworks";
				IPHONEOS_DEPLOYMENT_TARGET = 9.0;
				LD_RUNPATH_SEARCH_PATHS = (
					"$(inherited)",
					"@executable_path/Frameworks",
					"@loader_path/Frameworks",
				);
				PRODUCT_BUNDLE_IDENTIFIER = com.braintreepayments.BraintreePayPalValidator;
				PRODUCT_NAME = "$(TARGET_NAME:c99extidentifier)";
				SKIP_INSTALL = YES;
				TARGETED_DEVICE_FAMILY = "1,2";
				VERSIONING_SYSTEM = "apple-generic";
				VERSION_INFO_PREFIX = "";
			};
			name = Release;
		};
/* End XCBuildConfiguration section */

/* Begin XCConfigurationList section */
		4294F15B237B5BB600A789E5 /* Build configuration list for PBXNativeTarget "UITests" */ = {
			isa = XCConfigurationList;
			buildConfigurations = (
				4294F159237B5BB600A789E5 /* Debug */,
				4294F15A237B5BB600A789E5 /* Release */,
			);
			defaultConfigurationIsVisible = 0;
			defaultConfigurationName = Release;
		};
		8066A053235F5026007ACC28 /* Build configuration list for PBXNativeTarget "UnitTests" */ = {
			isa = XCConfigurationList;
			buildConfigurations = (
				8066A054235F5026007ACC28 /* Debug */,
				8066A055235F5026007ACC28 /* Release */,
			);
			defaultConfigurationIsVisible = 0;
			defaultConfigurationName = Release;
		};
		80BAD26E234531B30050F86C /* Build configuration list for PBXProject "BraintreePayPalValidator" */ = {
			isa = XCConfigurationList;
			buildConfigurations = (
				80BAD28A234531B50050F86C /* Debug */,
				80BAD28B234531B50050F86C /* Release */,
			);
			defaultConfigurationIsVisible = 0;
			defaultConfigurationName = Release;
		};
		80BAD28C234531B50050F86C /* Build configuration list for PBXNativeTarget "Demo" */ = {
			isa = XCConfigurationList;
			buildConfigurations = (
				80BAD28D234531B50050F86C /* Debug */,
				80BAD28E234531B50050F86C /* Release */,
			);
			defaultConfigurationIsVisible = 0;
			defaultConfigurationName = Release;
		};
		80BAD299234532A30050F86C /* Build configuration list for PBXNativeTarget "BraintreePayPalValidator" */ = {
			isa = XCConfigurationList;
			buildConfigurations = (
				80BAD29A234532A30050F86C /* Debug */,
				80BAD29B234532A30050F86C /* Release */,
			);
			defaultConfigurationIsVisible = 0;
			defaultConfigurationName = Release;
		};
/* End XCConfigurationList section */
	};
	rootObject = 80BAD26B234531B30050F86C /* Project object */;
}
